
Microsoft Visual Studio Solution File, Format Version 12.00
# Visual Studio Version 17
VisualStudioVersion = 17.7.34003.232
MinimumVisualStudioVersion = 10.0.40219.1
Project("{2150E333-8FDC-42A3-9474-1A3956D46DE8}") = "FrontEnd", "FrontEnd", "{323927E6-D9BE-47CF-A643-480084C7E0D3}"
EndProject
Project("{2150E333-8FDC-42A3-9474-1A3956D46DE8}") = "Gateway", "Gateway", "{E0917BD8-91D8-48E2-BD26-1813BA558B47}"
EndProject
Project("{2150E333-8FDC-42A3-9474-1A3956D46DE8}") = "Integration", "Integration", "{85F1DF97-DA73-4455-A1F0-5CF393358036}"
EndProject
Project("{2150E333-8FDC-42A3-9474-1A3956D46DE8}") = "Services", "Services", "{6B2337EC-8A01-4CDB-B381-A62A72FAE3B7}"
EndProject
Project("{9A19103F-16F7-4668-BE54-9A1E7A4F7556}") = "Mango.Services.CouponAPI", "Mango.Services.CouponAPI\Mango.Services.CouponAPI.csproj", "{C0221779-A2C1-418D-81FF-FD1A7BF265BB}"
EndProject
Project("{9A19103F-16F7-4668-BE54-9A1E7A4F7556}") = "Mango.Web", "Mango.Web\Mango.Web.csproj", "{94162D8E-8F6A-4580-8A43-118DF5802BD3}"
EndProject
Project("{9A19103F-16F7-4668-BE54-9A1E7A4F7556}") = "Mango.Services.AuthAPI", "Mango.Services.AuthAPI\Mango.Services.AuthAPI.csproj", "{31A1A75F-C8E4-431B-88BC-2B5F41E6F181}"
EndProject
Project("{9A19103F-16F7-4668-BE54-9A1E7A4F7556}") = "Mango.Services.ProductAPI", "Mango.Services.ProductAPI\Mango.Services.ProductAPI.csproj", "{43CCD05B-9008-41D6-9B2A-97B70500D7CA}"
EndProject
Project("{9A19103F-16F7-4668-BE54-9A1E7A4F7556}") = "Mango.Services.ShoppingCartAPI", "Mango.Services.ShoppingCart\Mango.Services.ShoppingCartAPI.csproj", "{5BF8E8D1-B9E3-4AC0-BB8F-5B58B63F70AF}"
EndProject
Project("{9A19103F-16F7-4668-BE54-9A1E7A4F7556}") = "Mango.MessageBus", "Mango.MessageBus\Mango.MessageBus.csproj", "{79B165ED-17FA-4210-94D3-7D3BD8D5F001}"
EndProject
Project("{9A19103F-16F7-4668-BE54-9A1E7A4F7556}") = "Mango.Services.EmailAPI", "Mango.Services.EmailAPI\Mango.Services.EmailAPI.csproj", "{039F1751-8ADA-4BE6-A18F-4060DD2EEE1C}"
EndProject
Project("{9A19103F-16F7-4668-BE54-9A1E7A4F7556}") = "Mango.Services.OrderAPI", "Mango.Services.OrderAPI\Mango.Services.OrderAPI.csproj", "{5944D810-42CA-4C5C-B86D-A5F7D23040C5}"
EndProject
Project("{FAE04EC0-301F-11D3-BF4B-00C04F79EFBC}") = "Mango.Services.RewardAPI", "Mango.Services.RewardAPI\Mango.Services.RewardAPI.csproj", "{65B86F8F-500E-455F-AD26-D403F58F75FB}"
EndProject
Global
	GlobalSection(SolutionConfigurationPlatforms) = preSolution
		Debug|Any CPU = Debug|Any CPU
		Release|Any CPU = Release|Any CPU
	EndGlobalSection
	GlobalSection(ProjectConfigurationPlatforms) = postSolution
		{C0221779-A2C1-418D-81FF-FD1A7BF265BB}.Debug|Any CPU.ActiveCfg = Debug|Any CPU
		{C0221779-A2C1-418D-81FF-FD1A7BF265BB}.Debug|Any CPU.Build.0 = Debug|Any CPU
		{C0221779-A2C1-418D-81FF-FD1A7BF265BB}.Release|Any CPU.ActiveCfg = Release|Any CPU
		{C0221779-A2C1-418D-81FF-FD1A7BF265BB}.Release|Any CPU.Build.0 = Release|Any CPU
		{94162D8E-8F6A-4580-8A43-118DF5802BD3}.Debug|Any CPU.ActiveCfg = Debug|Any CPU
		{94162D8E-8F6A-4580-8A43-118DF5802BD3}.Debug|Any CPU.Build.0 = Debug|Any CPU
		{94162D8E-8F6A-4580-8A43-118DF5802BD3}.Release|Any CPU.ActiveCfg = Release|Any CPU
		{94162D8E-8F6A-4580-8A43-118DF5802BD3}.Release|Any CPU.Build.0 = Release|Any CPU
		{31A1A75F-C8E4-431B-88BC-2B5F41E6F181}.Debug|Any CPU.ActiveCfg = Debug|Any CPU
		{31A1A75F-C8E4-431B-88BC-2B5F41E6F181}.Debug|Any CPU.Build.0 = Debug|Any CPU
		{31A1A75F-C8E4-431B-88BC-2B5F41E6F181}.Release|Any CPU.ActiveCfg = Release|Any CPU
		{31A1A75F-C8E4-431B-88BC-2B5F41E6F181}.Release|Any CPU.Build.0 = Release|Any CPU
		{43CCD05B-9008-41D6-9B2A-97B70500D7CA}.Debug|Any CPU.ActiveCfg = Debug|Any CPU
		{43CCD05B-9008-41D6-9B2A-97B70500D7CA}.Debug|Any CPU.Build.0 = Debug|Any CPU
		{43CCD05B-9008-41D6-9B2A-97B70500D7CA}.Release|Any CPU.ActiveCfg = Release|Any CPU
		{43CCD05B-9008-41D6-9B2A-97B70500D7CA}.Release|Any CPU.Build.0 = Release|Any CPU
		{5BF8E8D1-B9E3-4AC0-BB8F-5B58B63F70AF}.Debug|Any CPU.ActiveCfg = Debug|Any CPU
		{5BF8E8D1-B9E3-4AC0-BB8F-5B58B63F70AF}.Debug|Any CPU.Build.0 = Debug|Any CPU
		{5BF8E8D1-B9E3-4AC0-BB8F-5B58B63F70AF}.Release|Any CPU.ActiveCfg = Release|Any CPU
		{5BF8E8D1-B9E3-4AC0-BB8F-5B58B63F70AF}.Release|Any CPU.Build.0 = Release|Any CPU
		{79B165ED-17FA-4210-94D3-7D3BD8D5F001}.Debug|Any CPU.ActiveCfg = Debug|Any CPU
		{79B165ED-17FA-4210-94D3-7D3BD8D5F001}.Debug|Any CPU.Build.0 = Debug|Any CPU
		{79B165ED-17FA-4210-94D3-7D3BD8D5F001}.Release|Any CPU.ActiveCfg = Release|Any CPU
		{79B165ED-17FA-4210-94D3-7D3BD8D5F001}.Release|Any CPU.Build.0 = Release|Any CPU
		{039F1751-8ADA-4BE6-A18F-4060DD2EEE1C}.Debug|Any CPU.ActiveCfg = Debug|Any CPU
		{039F1751-8ADA-4BE6-A18F-4060DD2EEE1C}.Debug|Any CPU.Build.0 = Debug|Any CPU
		{039F1751-8ADA-4BE6-A18F-4060DD2EEE1C}.Release|Any CPU.ActiveCfg = Release|Any CPU
		{039F1751-8ADA-4BE6-A18F-4060DD2EEE1C}.Release|Any CPU.Build.0 = Release|Any CPU
		{5944D810-42CA-4C5C-B86D-A5F7D23040C5}.Debug|Any CPU.ActiveCfg = Debug|Any CPU
		{5944D810-42CA-4C5C-B86D-A5F7D23040C5}.Debug|Any CPU.Build.0 = Debug|Any CPU
		{5944D810-42CA-4C5C-B86D-A5F7D23040C5}.Release|Any CPU.ActiveCfg = Release|Any CPU
		{5944D810-42CA-4C5C-B86D-A5F7D23040C5}.Release|Any CPU.Build.0 = Release|Any CPU
		{65B86F8F-500E-455F-AD26-D403F58F75FB}.Debug|Any CPU.ActiveCfg = Debug|Any CPU
		{65B86F8F-500E-455F-AD26-D403F58F75FB}.Debug|Any CPU.Build.0 = Debug|Any CPU
		{65B86F8F-500E-455F-AD26-D403F58F75FB}.Release|Any CPU.ActiveCfg = Release|Any CPU
		{65B86F8F-500E-455F-AD26-D403F58F75FB}.Release|Any CPU.Build.0 = Release|Any CPU
	EndGlobalSection
	GlobalSection(SolutionProperties) = preSolution
		HideSolutionNode = FALSE
	EndGlobalSection
	GlobalSection(NestedProjects) = preSolution
		{C0221779-A2C1-418D-81FF-FD1A7BF265BB} = {6B2337EC-8A01-4CDB-B381-A62A72FAE3B7}
		{94162D8E-8F6A-4580-8A43-118DF5802BD3} = {323927E6-D9BE-47CF-A643-480084C7E0D3}
		{31A1A75F-C8E4-431B-88BC-2B5F41E6F181} = {6B2337EC-8A01-4CDB-B381-A62A72FAE3B7}
		{43CCD05B-9008-41D6-9B2A-97B70500D7CA} = {6B2337EC-8A01-4CDB-B381-A62A72FAE3B7}
		{5BF8E8D1-B9E3-4AC0-BB8F-5B58B63F70AF} = {6B2337EC-8A01-4CDB-B381-A62A72FAE3B7}
		{79B165ED-17FA-4210-94D3-7D3BD8D5F001} = {85F1DF97-DA73-4455-A1F0-5CF393358036}
		{039F1751-8ADA-4BE6-A18F-4060DD2EEE1C} = {6B2337EC-8A01-4CDB-B381-A62A72FAE3B7}
		{5944D810-42CA-4C5C-B86D-A5F7D23040C5} = {6B2337EC-8A01-4CDB-B381-A62A72FAE3B7}
		{65B86F8F-500E-455F-AD26-D403F58F75FB} = {6B2337EC-8A01-4CDB-B381-A62A72FAE3B7}
	EndGlobalSection
	GlobalSection(ExtensibilityGlobals) = postSolution
		SolutionGuid = {4AA81999-C93A-4AFC-B0C6-AA5AB23EC613}
	EndGlobalSection
EndGlobal
